<?xml version="1.0" encoding="utf-8"?>
<Project ToolsVersion="4.0" xmlns="http://schemas.microsoft.com/developer/msbuild/2003">
  <ItemGroup>
    <Filter Include="ソース ファイル">
      <UniqueIdentifier>{4FC737F1-C7A5-4376-A066-2A32D752A2FF}</UniqueIdentifier>
      <Extensions>cpp;c;cc;cxx;c++;cppm;ixx;def;odl;idl;hpj;bat;asm;asmx</Extensions>
    </Filter>
    <Filter Include="ヘッダー ファイル">
      <UniqueIdentifier>{93995380-89BD-4b04-88EB-625FBE52EBFB}</UniqueIdentifier>
      <Extensions>h;hh;hpp;hxx;h++;hm;inl;inc;ipp;xsd</Extensions>
    </Filter>
    <Filter Include="リソース ファイル">
      <UniqueIdentifier>{67DA6AB6-F800-4c08-8B7A-83BB121AAD01}</UniqueIdentifier>
      <Extensions>rc;ico;cur;bmp;dlg;rc2;rct;bin;rgs;gif;jpg;jpeg;jpe;resx;tiff;tif;png;wav;mfcribbon-ms</Extensions>
    </Filter>
    <Filter Include="ソース ファイル\glad">
      <UniqueIdentifier>{020ddb4f-0f27-43a1-9efb-52aa19c00d99}</UniqueIdentifier>
    </Filter>
    <Filter Include="ソース ファイル\Engine">
      <UniqueIdentifier>{128f65e7-2c8e-4468-8f2e-c237327a8d45}</UniqueIdentifier>
    </Filter>
    <Filter Include="ヘッダー ファイル\Engine">
      <UniqueIdentifier>{927651bc-7979-4807-8535-a5e4af7e5c65}</UniqueIdentifier>
    </Filter>
    <Filter Include="ヘッダー ファイル\Component">
      <UniqueIdentifier>{a5df2dc3-8126-4b5a-a951-f4bc42139b7d}</UniqueIdentifier>
    </Filter>
    <Filter Include="ソース ファイル\Component">
      <UniqueIdentifier>{230a5e14-c95d-45d8-80f2-f7d10e84861e}</UniqueIdentifier>
    </Filter>
    <Filter Include="ヘッダー ファイル\Scene">
      <UniqueIdentifier>{26962ca8-9993-47d9-b90f-5c6a86837496}</UniqueIdentifier>
    </Filter>
    <Filter Include="ソース ファイル\Scene">
      <UniqueIdentifier>{881291fa-993e-4667-a190-ca4c60590393}</UniqueIdentifier>
    </Filter>
    <Filter Include="リソース ファイル\Mesh">
      <UniqueIdentifier>{86415043-fd6d-4623-9054-4883ede8aa89}</UniqueIdentifier>
    </Filter>
    <Filter Include="ソース ファイル\Collision">
      <UniqueIdentifier>{615be2a6-7336-4ecb-b972-e50c60389874}</UniqueIdentifier>
    </Filter>
    <Filter Include="ヘッダー ファイル\Collision">
      <UniqueIdentifier>{eda525e5-3258-4b9a-a05b-f054ec69c688}</UniqueIdentifier>
    </Filter>
  </ItemGroup>
  <ItemGroup>
    <None Include="packages.config" />
    <None Include="Res\standard_2D.vert">
      <Filter>リソース ファイル</Filter>
    </None>
    <None Include="Res\standard.frag">
      <Filter>リソース ファイル</Filter>
    </None>
  </ItemGroup>
  <ItemGroup>
    <ClCompile Include="Src\Main.cpp">
      <Filter>ソース ファイル</Filter>
    </ClCompile>
    <ClCompile Include="Src\glad\src\glad.c">
      <Filter>ソース ファイル\glad</Filter>
    </ClCompile>
    <ClCompile Include="Src\Engine\Debug.cpp">
      <Filter>ソース ファイル\Engine</Filter>
    </ClCompile>
    <ClCompile Include="Src\Engine\Engine.cpp">
      <Filter>ソース ファイル\Engine</Filter>
    </ClCompile>
    <ClCompile Include="Src\Engine\Render.cpp">
      <Filter>ソース ファイル\Engine</Filter>
    </ClCompile>
    <ClCompile Include="Src\Engine\Texture.cpp">
      <Filter>ソース ファイル\Engine</Filter>
    </ClCompile>
    <ClCompile Include="Src\Engine\GameObject.cpp">
      <Filter>ソース ファイル\Engine</Filter>
    </ClCompile>
    <ClCompile Include="Src\Scene\MainGameScene.cpp">
      <Filter>ソース ファイル\Scene</Filter>
    </ClCompile>
    <ClCompile Include="Src\Component\PlayerCamera.cpp">
      <Filter>ソース ファイル\Component</Filter>
    </ClCompile>
    <ClCompile Include="Src\Collision\Collision.cpp">
      <Filter>ソース ファイル\Collision</Filter>
    </ClCompile>
  </ItemGroup>
  <ItemGroup>
    <ClInclude Include="Src\glad\include\glad\glad.h">
      <Filter>ソース ファイル\glad</Filter>
    </ClInclude>
    <ClInclude Include="Src\glad\include\KHR\khrplatform.h">
      <Filter>ソース ファイル\glad</Filter>
    </ClInclude>
    <ClInclude Include="Src\Engine\Render.h">
      <Filter>ヘッダー ファイル\Engine</Filter>
    </ClInclude>
    <ClInclude Include="Src\Engine\Texture.h">
      <Filter>ヘッダー ファイル\Engine</Filter>
    </ClInclude>
    <ClInclude Include="Src\Engine\Debug.h">
      <Filter>ヘッダー ファイル\Engine</Filter>
    </ClInclude>
    <ClInclude Include="Src\Engine\Engine.h">
      <Filter>ヘッダー ファイル\Engine</Filter>
    </ClInclude>
    <ClInclude Include="Src\Engine\GameObject.h">
      <Filter>ヘッダー ファイル\Engine</Filter>
    </ClInclude>
    <ClInclude Include="Src\Component\Component.h">
      <Filter>ヘッダー ファイル\Component</Filter>
    </ClInclude>
    <ClInclude Include="Src\Engine\Math.h">
      <Filter>ヘッダー ファイル\Engine</Filter>
    </ClInclude>
    <ClInclude Include="Src\Scene\Scene.h">
      <Filter>ヘッダー ファイル\Scene</Filter>
    </ClInclude>
    <ClInclude Include="Src\Engine\Mesh.h">
      <Filter>ヘッダー ファイル\Engine</Filter>
    </ClInclude>
    <ClInclude Include="Res\Mesh\crystal_mesh.h">
      <Filter>リソース ファイル\Mesh</Filter>
    </ClInclude>
    <ClInclude Include="Res\Mesh\square_mesh.h">
      <Filter>リソース ファイル\Mesh</Filter>
    </ClInclude>
    <ClInclude Include="Src\Scene\MainGameScene.h">
      <Filter>ヘッダー ファイル\Scene</Filter>
    </ClInclude>
    <ClInclude Include="Src\Component\PlayerCamera.h">
      <Filter>ヘッダー ファイル\Component</Filter>
    </ClInclude>
    <ClInclude Include="Src\Collision\Collision.h">
      <Filter>ヘッダー ファイル\Collision</Filter>
    </ClInclude>
  </ItemGroup>
  <ItemGroup>
    <Text Include="Src\memo.txt">
      <Filter>ソース ファイル</Filter>
    </Text>
  </ItemGroup>
</Project>